// !$*UTF8*$!
{
	archiveVersion = 1;
	classes = {
	};
	objectVersion = 46;
	objects = {

/* Begin PBXBuildFile section */
		2729C6F98D0976502E855BC7 /* Pods_Chat.framework in Frameworks */ = {isa = PBXBuildFile; fileRef = BF584937A0DF41763F49C93B /* Pods_Chat.framework */; };
		4D0B53601E6DAD6500E85CBB /* AppDelegate.swift in Sources */ = {isa = PBXBuildFile; fileRef = 4D0B535F1E6DAD6500E85CBB /* AppDelegate.swift */; };
		4D0B53621E6DAD6500E85CBB /* ViewController.swift in Sources */ = {isa = PBXBuildFile; fileRef = 4D0B53611E6DAD6500E85CBB /* ViewController.swift */; };
		4D0B53651E6DAD6500E85CBB /* Main.storyboard in Resources */ = {isa = PBXBuildFile; fileRef = 4D0B53631E6DAD6500E85CBB /* Main.storyboard */; };
		4D0B53671E6DAD6500E85CBB /* Assets.xcassets in Resources */ = {isa = PBXBuildFile; fileRef = 4D0B53661E6DAD6500E85CBB /* Assets.xcassets */; };
		4D0B536A1E6DAD6500E85CBB /* LaunchScreen.storyboard in Resources */ = {isa = PBXBuildFile; fileRef = 4D0B53681E6DAD6500E85CBB /* LaunchScreen.storyboard */; };
		4D0B53751E6DAD6500E85CBB /* ChatTests.swift in Sources */ = {isa = PBXBuildFile; fileRef = 4D0B53741E6DAD6500E85CBB /* ChatTests.swift */; };
		4D0B53801E6DAD6500E85CBB /* ChatUITests.swift in Sources */ = {isa = PBXBuildFile; fileRef = 4D0B537F1E6DAD6500E85CBB /* ChatUITests.swift */; };
		4D0B538E1E6DBE5400E85CBB /* GoogleService-Info.plist in Resources */ = {isa = PBXBuildFile; fileRef = 4D0B538D1E6DBE5400E85CBB /* GoogleService-Info.plist */; };
		5DF0E984FD66F4F460B642C6 /* Pods_ChatTests.framework in Frameworks */ = {isa = PBXBuildFile; fileRef = 9F934A0162A1EAE0D61CFFFA /* Pods_ChatTests.framework */; };
		DD0C04ACBCA16D420E5C7322 /* Pods_ChatUITests.framework in Frameworks */ = {isa = PBXBuildFile; fileRef = 24D4DCBF9CB997027AF92DEB /* Pods_ChatUITests.framework */; };
/* End PBXBuildFile section */

/* Begin PBXContainerItemProxy section */
		4D0B53711E6DAD6500E85CBB /* PBXContainerItemProxy */ = {
			isa = PBXContainerItemProxy;
			containerPortal = 4D0B53541E6DAD6500E85CBB /* Project object */;
			proxyType = 1;
			remoteGlobalIDString = 4D0B535B1E6DAD6500E85CBB;
			remoteInfo = Chat;
		};
		4D0B537C1E6DAD6500E85CBB /* PBXContainerItemProxy */ = {
			isa = PBXContainerItemProxy;
			containerPortal = 4D0B53541E6DAD6500E85CBB /* Project object */;
			proxyType = 1;
			remoteGlobalIDString = 4D0B535B1E6DAD6500E85CBB;
			remoteInfo = Chat;
		};
/* End PBXContainerItemProxy section */

/* Begin PBXFileReference section */
		0222873BBA26A1671E93795A /* Pods-ChatTests.release.xcconfig */ = {isa = PBXFileReference; includeInIndex = 1; lastKnownFileType = text.xcconfig; name = "Pods-ChatTests.release.xcconfig"; path = "Pods/Target Support Files/Pods-ChatTests/Pods-ChatTests.release.xcconfig"; sourceTree = "<group>"; };
		20C5628F2D8E6C70A56BBE73 /* Pods-Chat.release.xcconfig */ = {isa = PBXFileReference; includeInIndex = 1; lastKnownFileType = text.xcconfig; name = "Pods-Chat.release.xcconfig"; path = "Pods/Target Support Files/Pods-Chat/Pods-Chat.release.xcconfig"; sourceTree = "<group>"; };
		24D4DCBF9CB997027AF92DEB /* Pods_ChatUITests.framework */ = {isa = PBXFileReference; explicitFileType = wrapper.framework; includeInIndex = 0; path = Pods_ChatUITests.framework; sourceTree = BUILT_PRODUCTS_DIR; };
		4D0B535C1E6DAD6500E85CBB /* Chat.app */ = {isa = PBXFileReference; explicitFileType = wrapper.application; includeInIndex = 0; path = Chat.app; sourceTree = BUILT_PRODUCTS_DIR; };
		4D0B535F1E6DAD6500E85CBB /* AppDelegate.swift */ = {isa = PBXFileReference; lastKnownFileType = sourcecode.swift; path = AppDelegate.swift; sourceTree = "<group>"; };
		4D0B53611E6DAD6500E85CBB /* ViewController.swift */ = {isa = PBXFileReference; lastKnownFileType = sourcecode.swift; path = ViewController.swift; sourceTree = "<group>"; };
		4D0B53641E6DAD6500E85CBB /* Base */ = {isa = PBXFileReference; lastKnownFileType = file.storyboard; name = Base; path = Base.lproj/Main.storyboard; sourceTree = "<group>"; };
		4D0B53661E6DAD6500E85CBB /* Assets.xcassets */ = {isa = PBXFileReference; lastKnownFileType = folder.assetcatalog; path = Assets.xcassets; sourceTree = "<group>"; };
		4D0B53691E6DAD6500E85CBB /* Base */ = {isa = PBXFileReference; lastKnownFileType = file.storyboard; name = Base; path = Base.lproj/LaunchScreen.storyboard; sourceTree = "<group>"; };
		4D0B536B1E6DAD6500E85CBB /* Info.plist */ = {isa = PBXFileReference; lastKnownFileType = text.plist.xml; path = Info.plist; sourceTree = "<group>"; };
		4D0B53701E6DAD6500E85CBB /* ChatTests.xctest */ = {isa = PBXFileReference; explicitFileType = wrapper.cfbundle; includeInIndex = 0; path = ChatTests.xctest; sourceTree = BUILT_PRODUCTS_DIR; };
		4D0B53741E6DAD6500E85CBB /* ChatTests.swift */ = {isa = PBXFileReference; lastKnownFileType = sourcecode.swift; path = ChatTests.swift; sourceTree = "<group>"; };
		4D0B53761E6DAD6500E85CBB /* Info.plist */ = {isa = PBXFileReference; lastKnownFileType = text.plist.xml; path = Info.plist; sourceTree = "<group>"; };
		4D0B537B1E6DAD6500E85CBB /* ChatUITests.xctest */ = {isa = PBXFileReference; explicitFileType = wrapper.cfbundle; includeInIndex = 0; path = ChatUITests.xctest; sourceTree = BUILT_PRODUCTS_DIR; };
		4D0B537F1E6DAD6500E85CBB /* ChatUITests.swift */ = {isa = PBXFileReference; lastKnownFileType = sourcecode.swift; path = ChatUITests.swift; sourceTree = "<group>"; };
		4D0B53811E6DAD6500E85CBB /* Info.plist */ = {isa = PBXFileReference; lastKnownFileType = text.plist.xml; path = Info.plist; sourceTree = "<group>"; };
		4D0B538D1E6DBE5400E85CBB /* GoogleService-Info.plist */ = {isa = PBXFileReference; fileEncoding = 4; lastKnownFileType = text.plist.xml; name = "GoogleService-Info.plist"; path = "../../../Downloads/GoogleService-Info.plist"; sourceTree = "<group>"; };
		50200D73233E3A1AF2B81E07 /* Pods-ChatUITests.debug.xcconfig */ = {isa = PBXFileReference; includeInIndex = 1; lastKnownFileType = text.xcconfig; name = "Pods-ChatUITests.debug.xcconfig"; path = "Pods/Target Support Files/Pods-ChatUITests/Pods-ChatUITests.debug.xcconfig"; sourceTree = "<group>"; };
		892DA88629FF0DBB7454BF8F /* Pods-ChatUITests.release.xcconfig */ = {isa = PBXFileReference; includeInIndex = 1; lastKnownFileType = text.xcconfig; name = "Pods-ChatUITests.release.xcconfig"; path = "Pods/Target Support Files/Pods-ChatUITests/Pods-ChatUITests.release.xcconfig"; sourceTree = "<group>"; };
		9F934A0162A1EAE0D61CFFFA /* Pods_ChatTests.framework */ = {isa = PBXFileReference; explicitFileType = wrapper.framework; includeInIndex = 0; path = Pods_ChatTests.framework; sourceTree = BUILT_PRODUCTS_DIR; };
		A0D296DCE8E0C4B71ECC25B8 /* Pods-Chat.debug.xcconfig */ = {isa = PBXFileReference; includeInIndex = 1; lastKnownFileType = text.xcconfig; name = "Pods-Chat.debug.xcconfig"; path = "Pods/Target Support Files/Pods-Chat/Pods-Chat.debug.xcconfig"; sourceTree = "<group>"; };
		A0F0F043DC030263B9379133 /* Pods-ChatTests.debug.xcconfig */ = {isa = PBXFileReference; includeInIndex = 1; lastKnownFileType = text.xcconfig; name = "Pods-ChatTests.debug.xcconfig"; path = "Pods/Target Support Files/Pods-ChatTests/Pods-ChatTests.debug.xcconfig"; sourceTree = "<group>"; };
		BF584937A0DF41763F49C93B /* Pods_Chat.framework */ = {isa = PBXFileReference; explicitFileType = wrapper.framework; includeInIndex = 0; path = Pods_Chat.framework; sourceTree = BUILT_PRODUCTS_DIR; };
/* End PBXFileReference section */

/* Begin PBXFrameworksBuildPhase section */
		4D0B53591E6DAD6500E85CBB /* Frameworks */ = {
			isa = PBXFrameworksBuildPhase;
			buildActionMask = 2147483647;
			files = (
				2729C6F98D0976502E855BC7 /* Pods_Chat.framework in Frameworks */,
			);
			runOnlyForDeploymentPostprocessing = 0;
		};
		4D0B536D1E6DAD6500E85CBB /* Frameworks */ = {
			isa = PBXFrameworksBuildPhase;
			buildActionMask = 2147483647;
			files = (
				5DF0E984FD66F4F460B642C6 /* Pods_ChatTests.framework in Frameworks */,
			);
			runOnlyForDeploymentPostprocessing = 0;
		};
		4D0B53781E6DAD6500E85CBB /* Frameworks */ = {
			isa = PBXFrameworksBuildPhase;
			buildActionMask = 2147483647;
			files = (
				DD0C04ACBCA16D420E5C7322 /* Pods_ChatUITests.framework in Frameworks */,
			);
			runOnlyForDeploymentPostprocessing = 0;
		};
/* End PBXFrameworksBuildPhase section */

/* Begin PBXGroup section */
		4D0B53531E6DAD6500E85CBB = {
			isa = PBXGroup;
			children = (
				4D0B535E1E6DAD6500E85CBB /* Chat */,
				4D0B53731E6DAD6500E85CBB /* ChatTests */,
				4D0B537E1E6DAD6500E85CBB /* ChatUITests */,
				4D0B535D1E6DAD6500E85CBB /* Products */,
				F9208F7325994B67FF2E8B6E /* Pods */,
				9648FA72890FD81C1BDA22F4 /* Frameworks */,
			);
			sourceTree = "<group>";
		};
		4D0B535D1E6DAD6500E85CBB /* Products */ = {
			isa = PBXGroup;
			children = (
				4D0B535C1E6DAD6500E85CBB /* Chat.app */,
				4D0B53701E6DAD6500E85CBB /* ChatTests.xctest */,
				4D0B537B1E6DAD6500E85CBB /* ChatUITests.xctest */,
			);
			name = Products;
			sourceTree = "<group>";
		};
		4D0B535E1E6DAD6500E85CBB /* Chat */ = {
			isa = PBXGroup;
			children = (
				4D0B535F1E6DAD6500E85CBB /* AppDelegate.swift */,
				4D0B53611E6DAD6500E85CBB /* ViewController.swift */,
				4D0B53631E6DAD6500E85CBB /* Main.storyboard */,
				4D0B53661E6DAD6500E85CBB /* Assets.xcassets */,
				4D0B53681E6DAD6500E85CBB /* LaunchScreen.storyboard */,
				4D0B538D1E6DBE5400E85CBB /* GoogleService-Info.plist */,
				4D0B536B1E6DAD6500E85CBB /* Info.plist */,
			);
			path = Chat;
			sourceTree = "<group>";
		};
		4D0B53731E6DAD6500E85CBB /* ChatTests */ = {
			isa = PBXGroup;
			children = (
				4D0B53741E6DAD6500E85CBB /* ChatTests.swift */,
				4D0B53761E6DAD6500E85CBB /* Info.plist */,
			);
			path = ChatTests;
			sourceTree = "<group>";
		};
		4D0B537E1E6DAD6500E85CBB /* ChatUITests */ = {
			isa = PBXGroup;
			children = (
				4D0B537F1E6DAD6500E85CBB /* ChatUITests.swift */,
				4D0B53811E6DAD6500E85CBB /* Info.plist */,
			);
			path = ChatUITests;
			sourceTree = "<group>";
		};
		9648FA72890FD81C1BDA22F4 /* Frameworks */ = {
			isa = PBXGroup;
			children = (
				BF584937A0DF41763F49C93B /* Pods_Chat.framework */,
				9F934A0162A1EAE0D61CFFFA /* Pods_ChatTests.framework */,
				24D4DCBF9CB997027AF92DEB /* Pods_ChatUITests.framework */,
			);
			name = Frameworks;
			sourceTree = "<group>";
		};
		F9208F7325994B67FF2E8B6E /* Pods */ = {
			isa = PBXGroup;
			children = (
				A0D296DCE8E0C4B71ECC25B8 /* Pods-Chat.debug.xcconfig */,
				20C5628F2D8E6C70A56BBE73 /* Pods-Chat.release.xcconfig */,
				A0F0F043DC030263B9379133 /* Pods-ChatTests.debug.xcconfig */,
				0222873BBA26A1671E93795A /* Pods-ChatTests.release.xcconfig */,
				50200D73233E3A1AF2B81E07 /* Pods-ChatUITests.debug.xcconfig */,
				892DA88629FF0DBB7454BF8F /* Pods-ChatUITests.release.xcconfig */,
			);
			name = Pods;
			sourceTree = "<group>";
		};
/* End PBXGroup section */

/* Begin PBXNativeTarget section */
		4D0B535B1E6DAD6500E85CBB /* Chat */ = {
			isa = PBXNativeTarget;
			buildConfigurationList = 4D0B53841E6DAD6500E85CBB /* Build configuration list for PBXNativeTarget "Chat" */;
			buildPhases = (
				2075C0806151FB0C37A623B6 /* [CP] Check Pods Manifest.lock */,
				4D0B53581E6DAD6500E85CBB /* Sources */,
				4D0B53591E6DAD6500E85CBB /* Frameworks */,
				4D0B535A1E6DAD6500E85CBB /* Resources */,
				172E301B9882CC2B2BFB175E /* [CP] Embed Pods Frameworks */,
				20BFBBD5BADDDB348823FD47 /* [CP] Copy Pods Resources */,
			);
			buildRules = (
			);
			dependencies = (
			);
			name = Chat;
			productName = Chat;
			productReference = 4D0B535C1E6DAD6500E85CBB /* Chat.app */;
			productType = "com.apple.product-type.application";
		};
		4D0B536F1E6DAD6500E85CBB /* ChatTests */ = {
			isa = PBXNativeTarget;
			buildConfigurationList = 4D0B53871E6DAD6500E85CBB /* Build configuration list for PBXNativeTarget "ChatTests" */;
			buildPhases = (
				47FD1892E44D5A48CD666D2C /* [CP] Check Pods Manifest.lock */,
				4D0B536C1E6DAD6500E85CBB /* Sources */,
				4D0B536D1E6DAD6500E85CBB /* Frameworks */,
				4D0B536E1E6DAD6500E85CBB /* Resources */,
				F7AB69E9A66C5C0327FB4FCB /* [CP] Embed Pods Frameworks */,
				D536C26AC94482D434EEE290 /* [CP] Copy Pods Resources */,
			);
			buildRules = (
			);
			dependencies = (
				4D0B53721E6DAD6500E85CBB /* PBXTargetDependency */,
			);
			name = ChatTests;
			productName = ChatTests;
			productReference = 4D0B53701E6DAD6500E85CBB /* ChatTests.xctest */;
			productType = "com.apple.product-type.bundle.unit-test";
		};
		4D0B537A1E6DAD6500E85CBB /* ChatUITests */ = {
			isa = PBXNativeTarget;
			buildConfigurationList = 4D0B538A1E6DAD6500E85CBB /* Build configuration list for PBXNativeTarget "ChatUITests" */;
			buildPhases = (
				A91EE2235E0D967A9480D6D1 /* [CP] Check Pods Manifest.lock */,
				4D0B53771E6DAD6500E85CBB /* Sources */,
				4D0B53781E6DAD6500E85CBB /* Frameworks */,
				4D0B53791E6DAD6500E85CBB /* Resources */,
				15AF2EE84D351521056DA057 /* [CP] Embed Pods Frameworks */,
				A15E99D498DA618FC16FFB22 /* [CP] Copy Pods Resources */,
			);
			buildRules = (
			);
			dependencies = (
				4D0B537D1E6DAD6500E85CBB /* PBXTargetDependency */,
			);
			name = ChatUITests;
			productName = ChatUITests;
			productReference = 4D0B537B1E6DAD6500E85CBB /* ChatUITests.xctest */;
			productType = "com.apple.product-type.bundle.ui-testing";
		};
/* End PBXNativeTarget section */

/* Begin PBXProject section */
		4D0B53541E6DAD6500E85CBB /* Project object */ = {
			isa = PBXProject;
			attributes = {
				LastSwiftUpdateCheck = 0820;
				LastUpgradeCheck = 0820;
				ORGANIZATIONNAME = Mark;
				TargetAttributes = {
					4D0B535B1E6DAD6500E85CBB = {
						CreatedOnToolsVersion = 8.2.1;
						ProvisioningStyle = Automatic;
					};
					4D0B536F1E6DAD6500E85CBB = {
						CreatedOnToolsVersion = 8.2.1;
						ProvisioningStyle = Automatic;
						TestTargetID = 4D0B535B1E6DAD6500E85CBB;
					};
					4D0B537A1E6DAD6500E85CBB = {
						CreatedOnToolsVersion = 8.2.1;
						ProvisioningStyle = Automatic;
						TestTargetID = 4D0B535B1E6DAD6500E85CBB;
					};
				};
			};
			buildConfigurationList = 4D0B53571E6DAD6500E85CBB /* Build configuration list for PBXProject "Chat" */;
			compatibilityVersion = "Xcode 3.2";
			developmentRegion = English;
			hasScannedForEncodings = 0;
			knownRegions = (
				en,
				Base,
			);
			mainGroup = 4D0B53531E6DAD6500E85CBB;
			productRefGroup = 4D0B535D1E6DAD6500E85CBB /* Products */;
			projectDirPath = "";
			projectRoot = "";
			targets = (
				4D0B535B1E6DAD6500E85CBB /* Chat */,
				4D0B536F1E6DAD6500E85CBB /* ChatTests */,
				4D0B537A1E6DAD6500E85CBB /* ChatUITests */,
			);
		};
/* End PBXProject section */

/* Begin PBXResourcesBuildPhase section */
		4D0B535A1E6DAD6500E85CBB /* Resources */ = {
			isa = PBXResourcesBuildPhase;
			buildActionMask = 2147483647;
			files = (
				4D0B536A1E6DAD6500E85CBB /* LaunchScreen.storyboard in Resources */,
				4D0B538E1E6DBE5400E85CBB /* GoogleService-Info.plist in Resources */,
				4D0B53671E6DAD6500E85CBB /* Assets.xcassets in Resources */,
				4D0B53651E6DAD6500E85CBB /* Main.storyboard in Resources */,
			);
			runOnlyForDeploymentPostprocessing = 0;
		};
		4D0B536E1E6DAD6500E85CBB /* Resources */ = {
			isa = PBXResourcesBuildPhase;
			buildActionMask = 2147483647;
			files = (
			);
			runOnlyForDeploymentPostprocessing = 0;
		};
		4D0B53791E6DAD6500E85CBB /* Resources */ = {
			isa = PBXResourcesBuildPhase;
			buildActionMask = 2147483647;
			files = (
			);
			runOnlyForDeploymentPostprocessing = 0;
		};
/* End PBXResourcesBuildPhase section */

/* Begin PBXShellScriptBuildPhase section */
		15AF2EE84D351521056DA057 /* [CP] Embed Pods Frameworks */ = {
			isa = PBXShellScriptBuildPhase;
			buildActionMask = 2147483647;
			files = (
			);
			inputPaths = (
			);
			name = "[CP] Embed Pods Frameworks";
			outputPaths = (
			);
			runOnlyForDeploymentPostprocessing = 0;
			shellPath = /bin/sh;
			shellScript = "\"${SRCROOT}/Pods/Target Support Files/Pods-ChatUITests/Pods-ChatUITests-frameworks.sh\"\n";
			showEnvVarsInLog = 0;
		};
		172E301B9882CC2B2BFB175E /* [CP] Embed Pods Frameworks */ = {
			isa = PBXShellScriptBuildPhase;
			buildActionMask = 2147483647;
			files = (
			);
			inputPaths = (
			);
			name = "[CP] Embed Pods Frameworks";
			outputPaths = (
			);
			runOnlyForDeploymentPostprocessing = 0;
			shellPath = /bin/sh;
			shellScript = "\"${SRCROOT}/Pods/Target Support Files/Pods-Chat/Pods-Chat-frameworks.sh\"\n";
			showEnvVarsInLog = 0;
		};
		2075C0806151FB0C37A623B6 /* [CP] Check Pods Manifest.lock */ = {
			isa = PBXShellScriptBuildPhase;
			buildActionMask = 2147483647;
			files = (
			);
			inputPaths = (
			);
			name = "[CP] Check Pods Manifest.lock";
			outputPaths = (
			);
			runOnlyForDeploymentPostprocessing = 0;
			shellPath = /bin/sh;
			shellScript = "diff \"${PODS_ROOT}/../Podfile.lock\" \"${PODS_ROOT}/Manifest.lock\" > /dev/null\nif [ $? != 0 ] ; then\n    # print error to STDERR\n    echo \"error: The sandbox is not in sync with the Podfile.lock. Run 'pod install' or update your CocoaPods installation.\" >&2\n    exit 1\nfi\n";
			showEnvVarsInLog = 0;
		};
		20BFBBD5BADDDB348823FD47 /* [CP] Copy Pods Resources */ = {
			isa = PBXShellScriptBuildPhase;
			buildActionMask = 2147483647;
			files = (
			);
			inputPaths = (
			);
			name = "[CP] Copy Pods Resources";
			outputPaths = (
			);
			runOnlyForDeploymentPostprocessing = 0;
			shellPath = /bin/sh;
			shellScript = "\"${SRCROOT}/Pods/Target Support Files/Pods-Chat/Pods-Chat-resources.sh\"\n";
			showEnvVarsInLog = 0;
		};
		47FD1892E44D5A48CD666D2C /* [CP] Check Pods Manifest.lock */ = {
			isa = PBXShellScriptBuildPhase;
			buildActionMask = 2147483647;
			files = (
			);
			inputPaths = (
			);
			name = "[CP] Check Pods Manifest.lock";
			outputPaths = (
			);
			runOnlyForDeploymentPostprocessing = 0;
			shellPath = /bin/sh;
			shellScript = "diff \"${PODS_ROOT}/../Podfile.lock\" \"${PODS_ROOT}/Manifest.lock\" > /dev/null\nif [ $? != 0 ] ; then\n    # print error to STDERR\n    echo \"error: The sandbox is not in sync with the Podfile.lock. Run 'pod install' or update your CocoaPods installation.\" >&2\n    exit 1\nfi\n";
			showEnvVarsInLog = 0;
		};
		A15E99D498DA618FC16FFB22 /* [CP] Copy Pods Resources */ = {
			isa = PBXShellScriptBuildPhase;
			buildActionMask = 2147483647;
			files = (
			);
			inputPaths = (
			);
			name = "[CP] Copy Pods Resources";
			outputPaths = (
			);
			runOnlyForDeploymentPostprocessing = 0;
			shellPath = /bin/sh;
			shellScript = "\"${SRCROOT}/Pods/Target Support Files/Pods-ChatUITests/Pods-ChatUITests-resources.sh\"\n";
			showEnvVarsInLog = 0;
		};
		A91EE2235E0D967A9480D6D1 /* [CP] Check Pods Manifest.lock */ = {
			isa = PBXShellScriptBuildPhase;
			buildActionMask = 2147483647;
			files = (
			);
			inputPaths = (
			);
			name = "[CP] Check Pods Manifest.lock";
			outputPaths = (
			);
			runOnlyForDeploymentPostprocessing = 0;
			shellPath = /bin/sh;
			shellScript = "diff \"${PODS_ROOT}/../Podfile.lock\" \"${PODS_ROOT}/Manifest.lock\" > /dev/null\nif [ $? != 0 ] ; then\n    # print error to STDERR\n    echo \"error: The sandbox is not in sync with the Podfile.lock. Run 'pod install' or update your CocoaPods installation.\" >&2\n    exit 1\nfi\n";
			showEnvVarsInLog = 0;
		};
		D536C26AC94482D434EEE290 /* [CP] Copy Pods Resources */ = {
			isa = PBXShellScriptBuildPhase;
			buildActionMask = 2147483647;
			files = (
			);
			inputPaths = (
			);
			name = "[CP] Copy Pods Resources";
			outputPaths = (
			);
			runOnlyForDeploymentPostprocessing = 0;
			shellPath = /bin/sh;
			shellScript = "\"${SRCROOT}/Pods/Target Support Files/Pods-ChatTests/Pods-ChatTests-resources.sh\"\n";
			showEnvVarsInLog = 0;
		};
		F7AB69E9A66C5C0327FB4FCB /* [CP] Embed Pods Frameworks */ = {
			isa = PBXShellScriptBuildPhase;
			buildActionMask = 2147483647;
			files = (
			);
			inputPaths = (
			);
			name = "[CP] Embed Pods Frameworks";
			outputPaths = (
			);
			runOnlyForDeploymentPostprocessing = 0;
			shellPath = /bin/sh;
			shellScript = "\"${SRCROOT}/Pods/Target Support Files/Pods-ChatTests/Pods-ChatTests-frameworks.sh\"\n";
			showEnvVarsInLog = 0;
		};
/* End PBXShellScriptBuildPhase section */

/* Begin PBXSourcesBuildPhase section */
		4D0B53581E6DAD6500E85CBB /* Sources */ = {
			isa = PBXSourcesBuildPhase;
			buildActionMask = 2147483647;
			files = (
				4D0B53621E6DAD6500E85CBB /* ViewController.swift in Sources */,
				4D0B53601E6DAD6500E85CBB /* AppDelegate.swift in Sources */,
			);
			runOnlyForDeploymentPostprocessing = 0;
		};
		4D0B536C1E6DAD6500E85CBB /* Sources */ = {
			isa = PBXSourcesBuildPhase;
			buildActionMask = 2147483647;
			files = (
				4D0B53751E6DAD6500E85CBB /* ChatTests.swift in Sources */,
			);
			runOnlyForDeploymentPostprocessing = 0;
		};
		4D0B53771E6DAD6500E85CBB /* Sources */ = {
			isa = PBXSourcesBuildPhase;
			buildActionMask = 2147483647;
			files = (
				4D0B53801E6DAD6500E85CBB /* ChatUITests.swift in Sources */,
			);
			runOnlyForDeploymentPostprocessing = 0;
		};
/* End PBXSourcesBuildPhase section */

/* Begin PBXTargetDependency section */
		4D0B53721E6DAD6500E85CBB /* PBXTargetDependency */ = {
			isa = PBXTargetDependency;
			target = 4D0B535B1E6DAD6500E85CBB /* Chat */;
			targetProxy = 4D0B53711E6DAD6500E85CBB /* PBXContainerItemProxy */;
		};
		4D0B537D1E6DAD6500E85CBB /* PBXTargetDependency */ = {
			isa = PBXTargetDependency;
			target = 4D0B535B1E6DAD6500E85CBB /* Chat */;
			targetProxy = 4D0B537C1E6DAD6500E85CBB /* PBXContainerItemProxy */;
		};
/* End PBXTargetDependency section */

/* Begin PBXVariantGroup section */
		4D0B53631E6DAD6500E85CBB /* Main.storyboard */ = {
			isa = PBXVariantGroup;
			children = (
				4D0B53641E6DAD6500E85CBB /* Base */,
			);
			name = Main.storyboard;
			sourceTree = "<group>";
		};
		4D0B53681E6DAD6500E85CBB /* LaunchScreen.storyboard */ = {
			isa = PBXVariantGroup;
			children = (
				4D0B53691E6DAD6500E85CBB /* Base */,
			);
			name = LaunchScreen.storyboard;
			sourceTree = "<group>";
		};
/* End PBXVariantGroup section */

/* Begin XCBuildConfiguration section */
		4D0B53821E6DAD6500E85CBB /* Debug */ = {
			isa = XCBuildConfiguration;
			buildSettings = {
				ALWAYS_SEARCH_USER_PATHS = NO;
				CLANG_ANALYZER_NONNULL = YES;
				CLANG_CXX_LANGUAGE_STANDARD = "gnu++0x";
				CLANG_CXX_LIBRARY = "libc++";
				CLANG_ENABLE_MODULES = YES;
				CLANG_ENABLE_OBJC_ARC = YES;
				CLANG_WARN_BOOL_CONVERSION = YES;
				CLANG_WARN_CONSTANT_CONVERSION = YES;
				CLANG_WARN_DIRECT_OBJC_ISA_USAGE = YES_ERROR;
				CLANG_WARN_DOCUMENTATION_COMMENTS = YES;
				CLANG_WARN_EMPTY_BODY = YES;
				CLANG_WARN_ENUM_CONVERSION = YES;
				CLANG_WARN_INFINITE_RECURSION = YES;
				CLANG_WARN_INT_CONVERSION = YES;
				CLANG_WARN_OBJC_ROOT_CLASS = YES_ERROR;
				CLANG_WARN_SUSPICIOUS_MOVE = YES;
				CLANG_WARN_UNREACHABLE_CODE = YES;
				CLANG_WARN__DUPLICATE_METHOD_MATCH = YES;
				"CODE_SIGN_IDENTITY[sdk=iphoneos*]" = "iPhone Developer";
				COPY_PHASE_STRIP = NO;
				DEBUG_INFORMATION_FORMAT = dwarf;
				ENABLE_STRICT_OBJC_MSGSEND = YES;
				ENABLE_TESTABILITY = YES;
				GCC_C_LANGUAGE_STANDARD = gnu99;
				GCC_DYNAMIC_NO_PIC = NO;
				GCC_NO_COMMON_BLOCKS = YES;
				GCC_OPTIMIZATION_LEVEL = 0;
				GCC_PREPROCESSOR_DEFINITIONS = (
					"DEBUG=1",
					"$(inherited)",
				);
				GCC_WARN_64_TO_32_BIT_CONVERSION = YES;
				GCC_WARN_ABOUT_RETURN_TYPE = YES_ERROR;
				GCC_WARN_UNDECLARED_SELECTOR = YES;
				GCC_WARN_UNINITIALIZED_AUTOS = YES_AGGRESSIVE;
				GCC_WARN_UNUSED_FUNCTION = YES;
				GCC_WARN_UNUSED_VARIABLE = YES;
				IPHONEOS_DEPLOYMENT_TARGET = 10.2;
				MTL_ENABLE_DEBUG_INFO = YES;
				ONLY_ACTIVE_ARCH = YES;
				SDKROOT = iphoneos;
				SWIFT_ACTIVE_COMPILATION_CONDITIONS = DEBUG;
				SWIFT_OPTIMIZATION_LEVEL = "-Onone";
				TARGETED_DEVICE_FAMILY = "1,2";
			};
			name = Debug;
		};
		4D0B53831E6DAD6500E85CBB /* Release */ = {
			isa = XCBuildConfiguration;
			buildSettings = {
				ALWAYS_SEARCH_USER_PATHS = NO;
				CLANG_ANALYZER_NONNULL = YES;
				CLANG_CXX_LANGUAGE_STANDARD = "gnu++0x";
				CLANG_CXX_LIBRARY = "libc++";
				CLANG_ENABLE_MODULES = YES;
				CLANG_ENABLE_OBJC_ARC = YES;
				CLANG_WARN_BOOL_CONVERSION = YES;
				CLANG_WARN_CONSTANT_CONVERSION = YES;
				CLANG_WARN_DIRECT_OBJC_ISA_USAGE = YES_ERROR;
				CLANG_WARN_DOCUMENTATION_COMMENTS = YES;
				CLANG_WARN_EMPTY_BODY = YES;
				CLANG_WARN_ENUM_CONVERSION = YES;
				CLANG_WARN_INFINITE_RECURSION = YES;
				CLANG_WARN_INT_CONVERSION = YES;
				CLANG_WARN_OBJC_ROOT_CLASS = YES_ERROR;
				CLANG_WARN_SUSPICIOUS_MOVE = YES;
				CLANG_WARN_UNREACHABLE_CODE = YES;
				CLANG_WARN__DUPLICATE_METHOD_MATCH = YES;
				"CODE_SIGN_IDENTITY[sdk=iphoneos*]" = "iPhone Developer";
				COPY_PHASE_STRIP = NO;
				DEBUG_INFORMATION_FORMAT = "dwarf-with-dsym";
				ENABLE_NS_ASSERTIONS = NO;
				ENABLE_STRICT_OBJC_MSGSEND = YES;
				GCC_C_LANGUAGE_STANDARD = gnu99;
				GCC_NO_COMMON_BLOCKS = YES;
				GCC_WARN_64_TO_32_BIT_CONVERSION = YES;
				GCC_WARN_ABOUT_RETURN_TYPE = YES_ERROR;
				GCC_WARN_UNDECLARED_SELECTOR = YES;
				GCC_WARN_UNINITIALIZED_AUTOS = YES_AGGRESSIVE;
				GCC_WARN_UNUSED_FUNCTION = YES;
				GCC_WARN_UNUSED_VARIABLE = YES;
				IPHONEOS_DEPLOYMENT_TARGET = 10.2;
				MTL_ENABLE_DEBUG_INFO = NO;
				SDKROOT = iphoneos;
				SWIFT_OPTIMIZATION_LEVEL = "-Owholemodule";
				TARGETED_DEVICE_FAMILY = "1,2";
				VALIDATE_PRODUCT = YES;
			};
			name = Release;
		};
		4D0B53851E6DAD6500E85CBB /* Debug */ = {
			isa = XCBuildConfiguration;
			baseConfigurationReference = A0D296DCE8E0C4B71ECC25B8 /* Pods-Chat.debug.xcconfig */;
			buildSettings = {
				ASSETCATALOG_COMPILER_APPICON_NAME = AppIcon;
				INFOPLIST_FILE = Chat/Info.plist;
				LD_RUNPATH_SEARCH_PATHS = "$(inherited) @executable_path/Frameworks";
				PRODUCT_BUNDLE_IDENTIFIER = Firebase.Chat;
				PRODUCT_NAME = "$(TARGET_NAME)";
				SWIFT_VERSION = 3.0;
			};
			name = Debug;
		};
		4D0B53861E6DAD6500E85CBB /* Release */ = {
			isa = XCBuildConfiguration;
			baseConfigurationReference = 20C5628F2D8E6C70A56BBE73 /* Pods-Chat.release.xcconfig */;
			buildSettings = {
				ASSETCATALOG_COMPILER_APPICON_NAME = AppIcon;
				INFOPLIST_FILE = Chat/Info.plist;
				LD_RUNPATH_SEARCH_PATHS = "$(inherited) @executable_path/Frameworks";
				PRODUCT_BUNDLE_IDENTIFIER = Firebase.Chat;
				PRODUCT_NAME = "$(TARGET_NAME)";
				SWIFT_VERSION = 3.0;
			};
			name = Release;
		};
		4D0B53881E6DAD6500E85CBB /* Debug */ = {
			isa = XCBuildConfiguration;
			baseConfigurationReference = A0F0F043DC030263B9379133 /* Pods-ChatTests.debug.xcconfig */;
			buildSettings = {
				ALWAYS_EMBED_SWIFT_STANDARD_LIBRARIES = YES;
				BUNDLE_LOADER = "$(TEST_HOST)";
				INFOPLIST_FILE = ChatTests/Info.plist;
				LD_RUNPATH_SEARCH_PATHS = "$(inherited) @executable_path/Frameworks @loader_path/Frameworks";
				PRODUCT_BUNDLE_IDENTIFIER = Firebase.ChatTests;
				PRODUCT_NAME = "$(TARGET_NAME)";
				SWIFT_VERSION = 3.0;
				TEST_HOST = "$(BUILT_PRODUCTS_DIR)/Chat.app/Chat";
			};
			name = Debug;
		};
		4D0B53891E6DAD6500E85CBB /* Release */ = {
			isa = XCBuildConfiguration;
			baseConfigurationReference = 0222873BBA26A1671E93795A /* Pods-ChatTests.release.xcconfig */;
			buildSettings = {
				ALWAYS_EMBED_SWIFT_STANDARD_LIBRARIES = YES;
				BUNDLE_LOADER = "$(TEST_HOST)";
				INFOPLIST_FILE = ChatTests/Info.plist;
				LD_RUNPATH_SEARCH_PATHS = "$(inherited) @executable_path/Frameworks @loader_path/Frameworks";
				PRODUCT_BUNDLE_IDENTIFIER = Firebase.ChatTests;
				PRODUCT_NAME = "$(TARGET_NAME)";
				SWIFT_VERSION = 3.0;
				TEST_HOST = "$(BUILT_PRODUCTS_DIR)/Chat.app/Chat";
			};
			name = Release;
		};
		4D0B538B1E6DAD6500E85CBB /* Debug */ = {
			isa = XCBuildConfiguration;
			baseConfigurationReference = 50200D73233E3A1AF2B81E07 /* Pods-ChatUITests.debug.xcconfig */;
			buildSettings = {
				ALWAYS_EMBED_SWIFT_STANDARD_LIBRARIES = YES;
				INFOPLIST_FILE = ChatUITests/Info.plist;
				LD_RUNPATH_SEARCH_PATHS = "$(inherited) @executable_path/Frameworks @loader_path/Frameworks";
				PRODUCT_BUNDLE_IDENTIFIER = Firebase.ChatUITests;
				PRODUCT_NAME = "$(TARGET_NAME)";
				SWIFT_VERSION = 3.0;
				TEST_TARGET_NAME = Chat;
			};
			name = Debug;
		};
		4D0B538C1E6DAD6500E85CBB /* Release */ = {
			isa = XCBuildConfiguration;
			baseConfigurationReference = 892DA88629FF0DBB7454BF8F /* Pods-ChatUITests.release.xcconfig */;
			buildSettings = {
				ALWAYS_EMBED_SWIFT_STANDARD_LIBRARIES = YES;
				INFOPLIST_FILE = ChatUITests/Info.plist;
				LD_RUNPATH_SEARCH_PATHS = "$(inherited) @executable_path/Frameworks @loader_path/Frameworks";
				PRODUCT_BUNDLE_IDENTIFIER = Firebase.ChatUITests;
				PRODUCT_NAME = "$(TARGET_NAME)";
				SWIFT_VERSION = 3.0;
				TEST_TARGET_NAME = Chat;
			};
			name = Release;
		};
/* End XCBuildConfiguration section */

/* Begin XCConfigurationList section */
		4D0B53571E6DAD6500E85CBB /* Build configuration list for PBXProject "Chat" */ = {
			isa = XCConfigurationList;
			buildConfigurations = (
				4D0B53821E6DAD6500E85CBB /* Debug */,
				4D0B53831E6DAD6500E85CBB /* Release */,
			);
			defaultConfigurationIsVisible = 0;
			defaultConfigurationName = Release;
		};
		4D0B53841E6DAD6500E85CBB /* Build configuration list for PBXNativeTarget "Chat" */ = {
			isa = XCConfigurationList;
			buildConfigurations = (
				4D0B53851E6DAD6500E85CBB /* Debug */,
				4D0B53861E6DAD6500E85CBB /* Release */,
			);
			defaultConfigurationIsVisible = 0;
		};
		4D0B53871E6DAD6500E85CBB /* Build configuration list for PBXNativeTarget "ChatTests" */ = {
			isa = XCConfigurationList;
			buildConfigurations = (
				4D0B53881E6DAD6500E85CBB /* Debug */,
				4D0B53891E6DAD6500E85CBB /* Release */,
			);
			defaultConfigurationIsVisible = 0;
		};
		4D0B538A1E6DAD6500E85CBB /* Build configuration list for PBXNativeTarget "ChatUITests" */ = {
			isa = XCConfigurationList;
			buildConfigurations = (
				4D0B538B1E6DAD6500E85CBB /* Debug */,
				4D0B538C1E6DAD6500E85CBB /* Release */,
			);
			defaultConfigurationIsVisible = 0;
		};
/* End XCConfigurationList section */
	};
	rootObject = 4D0B53541E6DAD6500E85CBB /* Project object */;
}
